<?xml version="1.0" encoding="utf-8"?>
<Project ToolsVersion="4.0" xmlns="http://schemas.microsoft.com/developer/msbuild/2003">
  <ItemGroup>
    <Filter Include="Source Files">
      <UniqueIdentifier>{4FC737F1-C7A5-4376-A066-2A32D752A2FF}</UniqueIdentifier>
      <Extensions>cpp;c;cc;cxx;def;odl;idl;hpj;bat;asm;asmx</Extensions>
    </Filter>
  </ItemGroup>
  <ItemGroup>
    <ClCompile Include="Game.cpp">
      <Filter>Source Files</Filter>
    </ClCompile>
    <ClCompile Include="Main.cpp">
      <Filter>Source Files</Filter>
    </ClCompile>
    <ClCompile Include="StudyCpp_decltype_01.h.cpp">
      <Filter>Source Files</Filter>
    </ClCompile>
    <ClCompile Include="Vector3D.cpp">
      <Filter>Source Files</Filter>
    </ClCompile>
    <ClCompile Include="StudyCpp_template_01.cpp">
      <Filter>Source Files</Filter>
    </ClCompile>
    <ClCompile Include="StudyCpp_RangeFor_01.cpp">
      <Filter>Source Files</Filter>
    </ClCompile>
    <ClCompile Include="StudyCpp_std_pair_01.cpp">
      <Filter>Source Files</Filter>
    </ClCompile>
    <ClCompile Include="StudyCpp_RawString_01.cpp">
      <Filter>Source Files</Filter>
    </ClCompile>
    <ClCompile Include="StudyCpp_ConstantExpression_01.cpp">
      <Filter>Source Files</Filter>
    </ClCompile>
    <ClCompile Include="StudyCpp_static_assert_01.cpp">
      <Filter>Source Files</Filter>
    </ClCompile>
    <ClCompile Include="StudyCpp_Lambda_01.cpp">
      <Filter>Source Files</Filter>
    </ClCompile>
    <ClCompile Include="StudyCpp_MoveAndCopy.cpp">
      <Filter>Source Files</Filter>
    </ClCompile>
  </ItemGroup>
  <ItemGroup>
    <ClInclude Include="Game.h">
      <Filter>Source Files</Filter>
    </ClInclude>
    <ClInclude Include="StudyCpp_decltype_01.h">
      <Filter>Source Files</Filter>
    </ClInclude>
    <ClInclude Include="Vector3D.h">
      <Filter>Source Files</Filter>
    </ClInclude>
    <ClInclude Include="StudyCpp_template_01.h">
      <Filter>Source Files</Filter>
    </ClInclude>
    <ClInclude Include="StudyCpp_RangeFor_01.h">
      <Filter>Source Files</Filter>
    </ClInclude>
    <ClInclude Include="StudyCpp_std_pair_01.h">
      <Filter>Source Files</Filter>
    </ClInclude>
    <ClInclude Include="StudyCpp_RawString_01.h">
      <Filter>Source Files</Filter>
    </ClInclude>
    <ClInclude Include="StudyCpp_ConstantExpression_01.h">
      <Filter>Source Files</Filter>
    </ClInclude>
    <ClInclude Include="StudyCpp_static_assert_01.h">
      <Filter>Source Files</Filter>
    </ClInclude>
    <ClInclude Include="StudyCpp_Lambda_01.h">
      <Filter>Source Files</Filter>
    </ClInclude>
    <ClInclude Include="StudyCpp_MoveAndCopy.h">
      <Filter>Source Files</Filter>
    </ClInclude>
  </ItemGroup>
</Project>